// !$*UTF8*$!
{
	archiveVersion = 1;
	classes = {
	};
	objectVersion = 52;
	objects = {

/* Begin PBXBuildFile section */
		381A6C1625D97FEE003FE15B /* Localizables.swift in Sources */ = {isa = PBXBuildFile; fileRef = 381A6C1525D97FEE003FE15B /* Localizables.swift */; };
		381A6C2725D98774003FE15B /* Localizable.strings in Resources */ = {isa = PBXBuildFile; fileRef = 381A6C2325D98774003FE15B /* Localizable.strings */; };
		381A6C3425D98844003FE15B /* LaunchScreen.storyboard in Resources */ = {isa = PBXBuildFile; fileRef = 381A6C3225D98843003FE15B /* LaunchScreen.storyboard */; };
		381A6C3C25D98950003FE15B /* Localizable.strings in Resources */ = {isa = PBXBuildFile; fileRef = 381A6C3A25D98950003FE15B /* Localizable.strings */; };
		381A6C4025D98B79003FE15B /* Assets.swift in Sources */ = {isa = PBXBuildFile; fileRef = 381A6C3F25D98B79003FE15B /* Assets.swift */; };
		381A6C4425D991DD003FE15B /* UIImage+.swift in Sources */ = {isa = PBXBuildFile; fileRef = 381A6C4325D991DD003FE15B /* UIImage+.swift */; };
		381A6C5D25D992FC003FE15B /* UIColor+.swift in Sources */ = {isa = PBXBuildFile; fileRef = 381A6C5C25D992FC003FE15B /* UIColor+.swift */; };
		386D0F0825D80C80002772EB /* MHBaseViewController.swift in Sources */ = {isa = PBXBuildFile; fileRef = 386D0F0725D80C80002772EB /* MHBaseViewController.swift */; };
		386D0F1025D80CD3002772EB /* MHViewState.swift in Sources */ = {isa = PBXBuildFile; fileRef = 386D0F0F25D80CD3002772EB /* MHViewState.swift */; };
		389883C625D86BC200D618AD /* DetailScreenPresenter.swift in Sources */ = {isa = PBXBuildFile; fileRef = 389883C025D86BC200D618AD /* DetailScreenPresenter.swift */; };
		389883C825D86BC200D618AD /* DetailScreenRouter.swift in Sources */ = {isa = PBXBuildFile; fileRef = 389883C225D86BC200D618AD /* DetailScreenRouter.swift */; };
		389883CA25D86BC200D618AD /* DetailScreenViewController.swift in Sources */ = {isa = PBXBuildFile; fileRef = 389883C425D86BC200D618AD /* DetailScreenViewController.swift */; };
		389883CB25D86BC200D618AD /* DetailScreenInteractor.swift in Sources */ = {isa = PBXBuildFile; fileRef = 389883C525D86BC200D618AD /* DetailScreenInteractor.swift */; };
		389883D325D8AAAC00D618AD /* MHTitleLabel.swift in Sources */ = {isa = PBXBuildFile; fileRef = 389883D225D8AAAC00D618AD /* MHTitleLabel.swift */; };
		389883D725D8AACD00D618AD /* MHBodyLabel.swift in Sources */ = {isa = PBXBuildFile; fileRef = 389883D625D8AACD00D618AD /* MHBodyLabel.swift */; };
		38AED50025D6EA8C0011C24A /* LayoutMaker.swift in Sources */ = {isa = PBXBuildFile; fileRef = 38AED4FF25D6EA8C0011C24A /* LayoutMaker.swift */; };
		38AED51D25D6EC1D0011C24A /* HomeScreenPresenter.swift in Sources */ = {isa = PBXBuildFile; fileRef = 38AED51725D6EC1D0011C24A /* HomeScreenPresenter.swift */; };
		38AED51F25D6EC1D0011C24A /* HomeScreenRouter.swift in Sources */ = {isa = PBXBuildFile; fileRef = 38AED51925D6EC1D0011C24A /* HomeScreenRouter.swift */; };
		38AED52125D6EC1D0011C24A /* HomeScreenViewController.swift in Sources */ = {isa = PBXBuildFile; fileRef = 38AED51B25D6EC1D0011C24A /* HomeScreenViewController.swift */; };
		38AED52225D6EC1D0011C24A /* HomeScreenInteractor.swift in Sources */ = {isa = PBXBuildFile; fileRef = 38AED51C25D6EC1D0011C24A /* HomeScreenInteractor.swift */; };
		38AED52D25D6FA920011C24A /* MHCharacterImageView.swift in Sources */ = {isa = PBXBuildFile; fileRef = 38AED52C25D6FA920011C24A /* MHCharacterImageView.swift */; };
		38AED53125D6FAB60011C24A /* MHHeaderLabel.swift in Sources */ = {isa = PBXBuildFile; fileRef = 38AED53025D6FAB60011C24A /* MHHeaderLabel.swift */; };
		38AED53525D6FB130011C24A /* CharacterCollectionViewCell.swift in Sources */ = {isa = PBXBuildFile; fileRef = 38AED53425D6FB130011C24A /* CharacterCollectionViewCell.swift */; };
		38AED53E25D712EB0011C24A /* SDWebImage in Frameworks */ = {isa = PBXBuildFile; productRef = 38AED53D25D712EB0011C24A /* SDWebImage */; };
		38DEBDC925D5B0E700F7B811 /* AppDelegate.swift in Sources */ = {isa = PBXBuildFile; fileRef = 38DEBDC825D5B0E700F7B811 /* AppDelegate.swift */; };
		38DEBDCB25D5B0E700F7B811 /* SceneDelegate.swift in Sources */ = {isa = PBXBuildFile; fileRef = 38DEBDCA25D5B0E700F7B811 /* SceneDelegate.swift */; };
		38DEBDD225D5B0E800F7B811 /* Assets.xcassets in Resources */ = {isa = PBXBuildFile; fileRef = 38DEBDD125D5B0E800F7B811 /* Assets.xcassets */; };
		38DEBDE025D5B0E800F7B811 /* Marvel_HeroesTests.swift in Sources */ = {isa = PBXBuildFile; fileRef = 38DEBDDF25D5B0E800F7B811 /* Marvel_HeroesTests.swift */; };
		38DEBE0525D5B45300F7B811 /* APIAgent.swift in Sources */ = {isa = PBXBuildFile; fileRef = 38DEBE0425D5B45300F7B811 /* APIAgent.swift */; };
		38DEBE0A25D5B57700F7B811 /* Endpoint.swift in Sources */ = {isa = PBXBuildFile; fileRef = 38DEBE0925D5B57700F7B811 /* Endpoint.swift */; };
		38DEBE0F25D5B5C400F7B811 /* Configuration.swift in Sources */ = {isa = PBXBuildFile; fileRef = 38DEBE0E25D5B5C400F7B811 /* Configuration.swift */; };
		38DEBE1525D5B67D00F7B811 /* CharactersEndpoint.swift in Sources */ = {isa = PBXBuildFile; fileRef = 38DEBE1425D5B67D00F7B811 /* CharactersEndpoint.swift */; };
		38DEBE1E25D5B6D600F7B811 /* MHError.swift in Sources */ = {isa = PBXBuildFile; fileRef = 38DEBE1D25D5B6D600F7B811 /* MHError.swift */; };
		38DEBE2625D5B84F00F7B811 /* MarvelHeroesAPIClient.swift in Sources */ = {isa = PBXBuildFile; fileRef = 38DEBE2525D5B84F00F7B811 /* MarvelHeroesAPIClient.swift */; };
		38DEBE2C25D5C90C00F7B811 /* CharactersResponseModel.swift in Sources */ = {isa = PBXBuildFile; fileRef = 38DEBE2B25D5C90C00F7B811 /* CharactersResponseModel.swift */; };
/* End PBXBuildFile section */

/* Begin PBXContainerItemProxy section */
		38DEBDDC25D5B0E800F7B811 /* PBXContainerItemProxy */ = {
			isa = PBXContainerItemProxy;
			containerPortal = 38DEBDBD25D5B0E700F7B811 /* Project object */;
			proxyType = 1;
			remoteGlobalIDString = 38DEBDC425D5B0E700F7B811;
			remoteInfo = "Marvel Heroes";
		};
/* End PBXContainerItemProxy section */

/* Begin PBXFileReference section */
		381A6C1525D97FEE003FE15B /* Localizables.swift */ = {isa = PBXFileReference; lastKnownFileType = sourcecode.swift; path = Localizables.swift; sourceTree = "<group>"; };
		381A6C2425D98774003FE15B /* en */ = {isa = PBXFileReference; lastKnownFileType = text.plist.strings; name = en; path = Localizable.strings; sourceTree = "<group>"; };
		381A6C3725D9884B003FE15B /* en */ = {isa = PBXFileReference; lastKnownFileType = file.storyboard; name = en; path = en.lproj/LaunchScreen.storyboard; sourceTree = "<group>"; };
		381A6C3B25D98950003FE15B /* es */ = {isa = PBXFileReference; lastKnownFileType = text.plist.strings; name = es; path = Localizable.strings; sourceTree = "<group>"; };
		381A6C3F25D98B79003FE15B /* Assets.swift */ = {isa = PBXFileReference; lastKnownFileType = sourcecode.swift; path = Assets.swift; sourceTree = "<group>"; };
		381A6C4325D991DD003FE15B /* UIImage+.swift */ = {isa = PBXFileReference; lastKnownFileType = sourcecode.swift; path = "UIImage+.swift"; sourceTree = "<group>"; };
		381A6C5C25D992FC003FE15B /* UIColor+.swift */ = {isa = PBXFileReference; lastKnownFileType = sourcecode.swift; path = "UIColor+.swift"; sourceTree = "<group>"; };
		386D0F0725D80C80002772EB /* MHBaseViewController.swift */ = {isa = PBXFileReference; lastKnownFileType = sourcecode.swift; path = MHBaseViewController.swift; sourceTree = "<group>"; };
		386D0F0F25D80CD3002772EB /* MHViewState.swift */ = {isa = PBXFileReference; lastKnownFileType = sourcecode.swift; path = MHViewState.swift; sourceTree = "<group>"; };
		389883C025D86BC200D618AD /* DetailScreenPresenter.swift */ = {isa = PBXFileReference; lastKnownFileType = sourcecode.swift; path = DetailScreenPresenter.swift; sourceTree = "<group>"; };
		389883C225D86BC200D618AD /* DetailScreenRouter.swift */ = {isa = PBXFileReference; lastKnownFileType = sourcecode.swift; path = DetailScreenRouter.swift; sourceTree = "<group>"; };
		389883C425D86BC200D618AD /* DetailScreenViewController.swift */ = {isa = PBXFileReference; lastKnownFileType = sourcecode.swift; path = DetailScreenViewController.swift; sourceTree = "<group>"; };
		389883C525D86BC200D618AD /* DetailScreenInteractor.swift */ = {isa = PBXFileReference; lastKnownFileType = sourcecode.swift; path = DetailScreenInteractor.swift; sourceTree = "<group>"; };
		389883D225D8AAAC00D618AD /* MHTitleLabel.swift */ = {isa = PBXFileReference; lastKnownFileType = sourcecode.swift; path = MHTitleLabel.swift; sourceTree = "<group>"; };
		389883D625D8AACD00D618AD /* MHBodyLabel.swift */ = {isa = PBXFileReference; lastKnownFileType = sourcecode.swift; path = MHBodyLabel.swift; sourceTree = "<group>"; };
		38AED4FF25D6EA8C0011C24A /* LayoutMaker.swift */ = {isa = PBXFileReference; lastKnownFileType = sourcecode.swift; path = LayoutMaker.swift; sourceTree = "<group>"; };
		38AED51725D6EC1D0011C24A /* HomeScreenPresenter.swift */ = {isa = PBXFileReference; lastKnownFileType = sourcecode.swift; path = HomeScreenPresenter.swift; sourceTree = "<group>"; };
		38AED51925D6EC1D0011C24A /* HomeScreenRouter.swift */ = {isa = PBXFileReference; lastKnownFileType = sourcecode.swift; path = HomeScreenRouter.swift; sourceTree = "<group>"; };
		38AED51B25D6EC1D0011C24A /* HomeScreenViewController.swift */ = {isa = PBXFileReference; lastKnownFileType = sourcecode.swift; path = HomeScreenViewController.swift; sourceTree = "<group>"; };
		38AED51C25D6EC1D0011C24A /* HomeScreenInteractor.swift */ = {isa = PBXFileReference; lastKnownFileType = sourcecode.swift; path = HomeScreenInteractor.swift; sourceTree = "<group>"; };
		38AED52C25D6FA920011C24A /* MHCharacterImageView.swift */ = {isa = PBXFileReference; lastKnownFileType = sourcecode.swift; path = MHCharacterImageView.swift; sourceTree = "<group>"; };
		38AED53025D6FAB60011C24A /* MHHeaderLabel.swift */ = {isa = PBXFileReference; lastKnownFileType = sourcecode.swift; path = MHHeaderLabel.swift; sourceTree = "<group>"; };
		38AED53425D6FB130011C24A /* CharacterCollectionViewCell.swift */ = {isa = PBXFileReference; lastKnownFileType = sourcecode.swift; path = CharacterCollectionViewCell.swift; sourceTree = "<group>"; };
		38DEBDC525D5B0E700F7B811 /* Marvel Heroes.app */ = {isa = PBXFileReference; explicitFileType = wrapper.application; includeInIndex = 0; path = "Marvel Heroes.app"; sourceTree = BUILT_PRODUCTS_DIR; };
		38DEBDC825D5B0E700F7B811 /* AppDelegate.swift */ = {isa = PBXFileReference; lastKnownFileType = sourcecode.swift; path = AppDelegate.swift; sourceTree = "<group>"; };
		38DEBDCA25D5B0E700F7B811 /* SceneDelegate.swift */ = {isa = PBXFileReference; lastKnownFileType = sourcecode.swift; path = SceneDelegate.swift; sourceTree = "<group>"; };
		38DEBDD125D5B0E800F7B811 /* Assets.xcassets */ = {isa = PBXFileReference; lastKnownFileType = folder.assetcatalog; path = Assets.xcassets; sourceTree = "<group>"; };
		38DEBDD625D5B0E800F7B811 /* Info.plist */ = {isa = PBXFileReference; lastKnownFileType = text.plist.xml; path = Info.plist; sourceTree = "<group>"; };
		38DEBDDB25D5B0E800F7B811 /* Marvel HeroesTests.xctest */ = {isa = PBXFileReference; explicitFileType = wrapper.cfbundle; includeInIndex = 0; path = "Marvel HeroesTests.xctest"; sourceTree = BUILT_PRODUCTS_DIR; };
		38DEBDDF25D5B0E800F7B811 /* Marvel_HeroesTests.swift */ = {isa = PBXFileReference; lastKnownFileType = sourcecode.swift; path = Marvel_HeroesTests.swift; sourceTree = "<group>"; };
		38DEBDE125D5B0E800F7B811 /* Info.plist */ = {isa = PBXFileReference; lastKnownFileType = text.plist.xml; path = Info.plist; sourceTree = "<group>"; };
		38DEBE0425D5B45300F7B811 /* APIAgent.swift */ = {isa = PBXFileReference; lastKnownFileType = sourcecode.swift; path = APIAgent.swift; sourceTree = "<group>"; };
		38DEBE0925D5B57700F7B811 /* Endpoint.swift */ = {isa = PBXFileReference; lastKnownFileType = sourcecode.swift; path = Endpoint.swift; sourceTree = "<group>"; };
		38DEBE0E25D5B5C400F7B811 /* Configuration.swift */ = {isa = PBXFileReference; lastKnownFileType = sourcecode.swift; path = Configuration.swift; sourceTree = "<group>"; };
		38DEBE1425D5B67D00F7B811 /* CharactersEndpoint.swift */ = {isa = PBXFileReference; lastKnownFileType = sourcecode.swift; path = CharactersEndpoint.swift; sourceTree = "<group>"; };
		38DEBE1D25D5B6D600F7B811 /* MHError.swift */ = {isa = PBXFileReference; lastKnownFileType = sourcecode.swift; path = MHError.swift; sourceTree = "<group>"; };
		38DEBE2525D5B84F00F7B811 /* MarvelHeroesAPIClient.swift */ = {isa = PBXFileReference; lastKnownFileType = sourcecode.swift; path = MarvelHeroesAPIClient.swift; sourceTree = "<group>"; };
		38DEBE2B25D5C90C00F7B811 /* CharactersResponseModel.swift */ = {isa = PBXFileReference; lastKnownFileType = sourcecode.swift; path = CharactersResponseModel.swift; sourceTree = "<group>"; };
/* End PBXFileReference section */

/* Begin PBXFrameworksBuildPhase section */
		38DEBDC225D5B0E700F7B811 /* Frameworks */ = {
			isa = PBXFrameworksBuildPhase;
			buildActionMask = 2147483647;
			files = (
				38AED53E25D712EB0011C24A /* SDWebImage in Frameworks */,
			);
			runOnlyForDeploymentPostprocessing = 0;
		};
		38DEBDD825D5B0E800F7B811 /* Frameworks */ = {
			isa = PBXFrameworksBuildPhase;
			buildActionMask = 2147483647;
			files = (
			);
			runOnlyForDeploymentPostprocessing = 0;
		};
/* End PBXFrameworksBuildPhase section */

/* Begin PBXGroup section */
		381A6BF225D97F4F003FE15B /* Extensions */ = {
			isa = PBXGroup;
			children = (
				381A6C4325D991DD003FE15B /* UIImage+.swift */,
				381A6C5C25D992FC003FE15B /* UIColor+.swift */,
			);
			path = Extensions;
			sourceTree = "<group>";
		};
		381A6C1D25D98774003FE15B /* es.lproj */ = {
			isa = PBXGroup;
			children = (
				381A6C3A25D98950003FE15B /* Localizable.strings */,
			);
			path = es.lproj;
			sourceTree = "<group>";
		};
		381A6C2025D98774003FE15B /* en.lproj */ = {
			isa = PBXGroup;
			children = (
				381A6C2325D98774003FE15B /* Localizable.strings */,
			);
			path = en.lproj;
			sourceTree = "<group>";
		};
		38733E0F25D66A8A0013429E /* Resources */ = {
			isa = PBXGroup;
			children = (
				381A6C3225D98843003FE15B /* LaunchScreen.storyboard */,
				381A6C2025D98774003FE15B /* en.lproj */,
				381A6C1D25D98774003FE15B /* es.lproj */,
				38DEBDD125D5B0E800F7B811 /* Assets.xcassets */,
			);
			path = Resources;
			sourceTree = "<group>";
		};
		38733E1025D66A9B0013429E /* App */ = {
			isa = PBXGroup;
			children = (
				38DEBDD625D5B0E800F7B811 /* Info.plist */,
				38DEBDC825D5B0E700F7B811 /* AppDelegate.swift */,
				38DEBDCA25D5B0E700F7B811 /* SceneDelegate.swift */,
			);
			path = App;
			sourceTree = "<group>";
		};
		38733E1125D66AAF0013429E /* Constants */ = {
			isa = PBXGroup;
			children = (
				38DEBE0E25D5B5C400F7B811 /* Configuration.swift */,
				381A6C1525D97FEE003FE15B /* Localizables.swift */,
				381A6C3F25D98B79003FE15B /* Assets.swift */,
			);
			path = Constants;
			sourceTree = "<group>";
		};
		38733E1225D66ACE0013429E /* Scenes */ = {
			isa = PBXGroup;
			children = (
				389883BF25D86B9600D618AD /* DetailScene */,
				38733E1325D66AD40013429E /* HomeScene */,
				386D0F0725D80C80002772EB /* MHBaseViewController.swift */,
				386D0F0F25D80CD3002772EB /* MHViewState.swift */,
			);
			path = Scenes;
			sourceTree = "<group>";
		};
		38733E1325D66AD40013429E /* HomeScene */ = {
			isa = PBXGroup;
			children = (
				38AED51C25D6EC1D0011C24A /* HomeScreenInteractor.swift */,
				38AED51725D6EC1D0011C24A /* HomeScreenPresenter.swift */,
				38AED51925D6EC1D0011C24A /* HomeScreenRouter.swift */,
				38AED51B25D6EC1D0011C24A /* HomeScreenViewController.swift */,
			);
			path = HomeScene;
			sourceTree = "<group>";
		};
		389883BF25D86B9600D618AD /* DetailScene */ = {
			isa = PBXGroup;
			children = (
				389883C525D86BC200D618AD /* DetailScreenInteractor.swift */,
				389883C025D86BC200D618AD /* DetailScreenPresenter.swift */,
				389883C225D86BC200D618AD /* DetailScreenRouter.swift */,
				389883C425D86BC200D618AD /* DetailScreenViewController.swift */,
			);
			path = DetailScene;
			sourceTree = "<group>";
		};
		389883DA25D8AAEF00D618AD /* Labels */ = {
			isa = PBXGroup;
			children = (
				389883D625D8AACD00D618AD /* MHBodyLabel.swift */,
				38AED53025D6FAB60011C24A /* MHHeaderLabel.swift */,
				389883D225D8AAAC00D618AD /* MHTitleLabel.swift */,
			);
			path = Labels;
			sourceTree = "<group>";
		};
		38AED4FE25D6EA7B0011C24A /* Utils */ = {
			isa = PBXGroup;
			children = (
				38AED4FF25D6EA8C0011C24A /* LayoutMaker.swift */,
			);
			path = Utils;
			sourceTree = "<group>";
		};
		38AED52B25D6FA7A0011C24A /* Views */ = {
			isa = PBXGroup;
			children = (
				389883DA25D8AAEF00D618AD /* Labels */,
				38AED52C25D6FA920011C24A /* MHCharacterImageView.swift */,
				38AED53425D6FB130011C24A /* CharacterCollectionViewCell.swift */,
			);
			path = Views;
			sourceTree = "<group>";
		};
		38DEBDBC25D5B0E700F7B811 = {
			isa = PBXGroup;
			children = (
				38DEBDC725D5B0E700F7B811 /* Marvel Heroes */,
				38DEBDDE25D5B0E800F7B811 /* Marvel HeroesTests */,
				38DEBDC625D5B0E700F7B811 /* Products */,
			);
			sourceTree = "<group>";
		};
		38DEBDC625D5B0E700F7B811 /* Products */ = {
			isa = PBXGroup;
			children = (
				38DEBDC525D5B0E700F7B811 /* Marvel Heroes.app */,
				38DEBDDB25D5B0E800F7B811 /* Marvel HeroesTests.xctest */,
			);
			name = Products;
			sourceTree = "<group>";
		};
		38DEBDC725D5B0E700F7B811 /* Marvel Heroes */ = {
			isa = PBXGroup;
			children = (
				381A6BF225D97F4F003FE15B /* Extensions */,
				38DEBE0325D5B44A00F7B811 /* API */,
				38733E1025D66A9B0013429E /* App */,
				38733E1125D66AAF0013429E /* Constants */,
				38733E0F25D66A8A0013429E /* Resources */,
				38DEBE2A25D5C8FD00F7B811 /* ResponseModel */,
				38733E1225D66ACE0013429E /* Scenes */,
				38AED4FE25D6EA7B0011C24A /* Utils */,
				38AED52B25D6FA7A0011C24A /* Views */,
			);
			path = "Marvel Heroes";
			sourceTree = "<group>";
		};
		38DEBDDE25D5B0E800F7B811 /* Marvel HeroesTests */ = {
			isa = PBXGroup;
			children = (
				38DEBDDF25D5B0E800F7B811 /* Marvel_HeroesTests.swift */,
				38DEBDE125D5B0E800F7B811 /* Info.plist */,
			);
			path = "Marvel HeroesTests";
			sourceTree = "<group>";
		};
		38DEBE0325D5B44A00F7B811 /* API */ = {
			isa = PBXGroup;
			children = (
				38DEBE0425D5B45300F7B811 /* APIAgent.swift */,
				38DEBE2525D5B84F00F7B811 /* MarvelHeroesAPIClient.swift */,
				38DEBE1D25D5B6D600F7B811 /* MHError.swift */,
				38DEBE1325D5B66400F7B811 /* Endpoints */,
			);
			path = API;
			sourceTree = "<group>";
		};
		38DEBE1325D5B66400F7B811 /* Endpoints */ = {
			isa = PBXGroup;
			children = (
				38DEBE0925D5B57700F7B811 /* Endpoint.swift */,
				38DEBE1425D5B67D00F7B811 /* CharactersEndpoint.swift */,
			);
			path = Endpoints;
			sourceTree = "<group>";
		};
		38DEBE2A25D5C8FD00F7B811 /* ResponseModel */ = {
			isa = PBXGroup;
			children = (
				38DEBE2B25D5C90C00F7B811 /* CharactersResponseModel.swift */,
			);
			path = ResponseModel;
			sourceTree = "<group>";
		};
/* End PBXGroup section */

/* Begin PBXNativeTarget section */
		38DEBDC425D5B0E700F7B811 /* Marvel Heroes */ = {
			isa = PBXNativeTarget;
			buildConfigurationList = 38DEBDEF25D5B0E800F7B811 /* Build configuration list for PBXNativeTarget "Marvel Heroes" */;
			buildPhases = (
				38DEBDC125D5B0E700F7B811 /* Sources */,
				38DEBDC225D5B0E700F7B811 /* Frameworks */,
				38DEBDC325D5B0E700F7B811 /* Resources */,
			);
			buildRules = (
			);
			dependencies = (
			);
			name = "Marvel Heroes";
			packageProductDependencies = (
				38AED53D25D712EB0011C24A /* SDWebImage */,
			);
			productName = "Marvel Heroes";
			productReference = 38DEBDC525D5B0E700F7B811 /* Marvel Heroes.app */;
			productType = "com.apple.product-type.application";
		};
		38DEBDDA25D5B0E800F7B811 /* Marvel HeroesTests */ = {
			isa = PBXNativeTarget;
			buildConfigurationList = 38DEBDF225D5B0E800F7B811 /* Build configuration list for PBXNativeTarget "Marvel HeroesTests" */;
			buildPhases = (
				38DEBDD725D5B0E800F7B811 /* Sources */,
				38DEBDD825D5B0E800F7B811 /* Frameworks */,
				38DEBDD925D5B0E800F7B811 /* Resources */,
			);
			buildRules = (
			);
			dependencies = (
				38DEBDDD25D5B0E800F7B811 /* PBXTargetDependency */,
			);
			name = "Marvel HeroesTests";
			productName = "Marvel HeroesTests";
			productReference = 38DEBDDB25D5B0E800F7B811 /* Marvel HeroesTests.xctest */;
			productType = "com.apple.product-type.bundle.unit-test";
		};
/* End PBXNativeTarget section */

/* Begin PBXProject section */
		38DEBDBD25D5B0E700F7B811 /* Project object */ = {
			isa = PBXProject;
			attributes = {
				LastSwiftUpdateCheck = 1240;
				LastUpgradeCheck = 1240;
				ORGANIZATIONNAME = "Álvaro Gutiérrez Jácome";
				TargetAttributes = {
					38DEBDC425D5B0E700F7B811 = {
						CreatedOnToolsVersion = 12.4;
					};
					38DEBDDA25D5B0E800F7B811 = {
						CreatedOnToolsVersion = 12.4;
						TestTargetID = 38DEBDC425D5B0E700F7B811;
					};
				};
			};
			buildConfigurationList = 38DEBDC025D5B0E700F7B811 /* Build configuration list for PBXProject "Marvel Heroes" */;
			compatibilityVersion = "Xcode 9.3";
			developmentRegion = en;
			hasScannedForEncodings = 0;
			knownRegions = (
				en,
				es,
			);
			mainGroup = 38DEBDBC25D5B0E700F7B811;
			packageReferences = (
				38AED53C25D712EB0011C24A /* XCRemoteSwiftPackageReference "SDWebImage" */,
			);
			productRefGroup = 38DEBDC625D5B0E700F7B811 /* Products */;
			projectDirPath = "";
			projectRoot = "";
			targets = (
				38DEBDC425D5B0E700F7B811 /* Marvel Heroes */,
				38DEBDDA25D5B0E800F7B811 /* Marvel HeroesTests */,
			);
		};
/* End PBXProject section */

/* Begin PBXResourcesBuildPhase section */
		38DEBDC325D5B0E700F7B811 /* Resources */ = {
			isa = PBXResourcesBuildPhase;
			buildActionMask = 2147483647;
			files = (
				381A6C3425D98844003FE15B /* LaunchScreen.storyboard in Resources */,
				381A6C3C25D98950003FE15B /* Localizable.strings in Resources */,
				381A6C2725D98774003FE15B /* Localizable.strings in Resources */,
				38DEBDD225D5B0E800F7B811 /* Assets.xcassets in Resources */,
			);
			runOnlyForDeploymentPostprocessing = 0;
		};
		38DEBDD925D5B0E800F7B811 /* Resources */ = {
			isa = PBXResourcesBuildPhase;
			buildActionMask = 2147483647;
			files = (
			);
			runOnlyForDeploymentPostprocessing = 0;
		};
/* End PBXResourcesBuildPhase section */

/* Begin PBXSourcesBuildPhase section */
		38DEBDC125D5B0E700F7B811 /* Sources */ = {
			isa = PBXSourcesBuildPhase;
			buildActionMask = 2147483647;
			files = (
				389883D725D8AACD00D618AD /* MHBodyLabel.swift in Sources */,
				381A6C4425D991DD003FE15B /* UIImage+.swift in Sources */,
				38DEBE0F25D5B5C400F7B811 /* Configuration.swift in Sources */,
				389883C625D86BC200D618AD /* DetailScreenPresenter.swift in Sources */,
				381A6C5D25D992FC003FE15B /* UIColor+.swift in Sources */,
				38AED52125D6EC1D0011C24A /* HomeScreenViewController.swift in Sources */,
				38AED51D25D6EC1D0011C24A /* HomeScreenPresenter.swift in Sources */,
				386D0F0825D80C80002772EB /* MHBaseViewController.swift in Sources */,
				389883C825D86BC200D618AD /* DetailScreenRouter.swift in Sources */,
				38DEBE1E25D5B6D600F7B811 /* MHError.swift in Sources */,
				38DEBE2625D5B84F00F7B811 /* MarvelHeroesAPIClient.swift in Sources */,
				38AED52225D6EC1D0011C24A /* HomeScreenInteractor.swift in Sources */,
				38AED52D25D6FA920011C24A /* MHCharacterImageView.swift in Sources */,
				38AED50025D6EA8C0011C24A /* LayoutMaker.swift in Sources */,
				38AED51F25D6EC1D0011C24A /* HomeScreenRouter.swift in Sources */,
				389883D325D8AAAC00D618AD /* MHTitleLabel.swift in Sources */,
				38DEBDC925D5B0E700F7B811 /* AppDelegate.swift in Sources */,
				38AED53525D6FB130011C24A /* CharacterCollectionViewCell.swift in Sources */,
				386D0F1025D80CD3002772EB /* MHViewState.swift in Sources */,
				38DEBE1525D5B67D00F7B811 /* CharactersEndpoint.swift in Sources */,
				38AED53125D6FAB60011C24A /* MHHeaderLabel.swift in Sources */,
				389883CA25D86BC200D618AD /* DetailScreenViewController.swift in Sources */,
				381A6C1625D97FEE003FE15B /* Localizables.swift in Sources */,
				38DEBE2C25D5C90C00F7B811 /* CharactersResponseModel.swift in Sources */,
				38DEBE0525D5B45300F7B811 /* APIAgent.swift in Sources */,
				389883CB25D86BC200D618AD /* DetailScreenInteractor.swift in Sources */,
				38DEBDCB25D5B0E700F7B811 /* SceneDelegate.swift in Sources */,
				38DEBE0A25D5B57700F7B811 /* Endpoint.swift in Sources */,
				381A6C4025D98B79003FE15B /* Assets.swift in Sources */,
			);
			runOnlyForDeploymentPostprocessing = 0;
		};
		38DEBDD725D5B0E800F7B811 /* Sources */ = {
			isa = PBXSourcesBuildPhase;
			buildActionMask = 2147483647;
			files = (
				38DEBDE025D5B0E800F7B811 /* Marvel_HeroesTests.swift in Sources */,
			);
			runOnlyForDeploymentPostprocessing = 0;
		};
/* End PBXSourcesBuildPhase section */

/* Begin PBXTargetDependency section */
		38DEBDDD25D5B0E800F7B811 /* PBXTargetDependency */ = {
			isa = PBXTargetDependency;
			target = 38DEBDC425D5B0E700F7B811 /* Marvel Heroes */;
			targetProxy = 38DEBDDC25D5B0E800F7B811 /* PBXContainerItemProxy */;
		};
/* End PBXTargetDependency section */

/* Begin PBXVariantGroup section */
		381A6C2325D98774003FE15B /* Localizable.strings */ = {
			isa = PBXVariantGroup;
			children = (
				381A6C2425D98774003FE15B /* en */,
			);
			name = Localizable.strings;
			sourceTree = "<group>";
		};
		381A6C3225D98843003FE15B /* LaunchScreen.storyboard */ = {
			isa = PBXVariantGroup;
			children = (
				381A6C3725D9884B003FE15B /* en */,
			);
			name = LaunchScreen.storyboard;
			sourceTree = "<group>";
		};
		381A6C3A25D98950003FE15B /* Localizable.strings */ = {
			isa = PBXVariantGroup;
			children = (
				381A6C3B25D98950003FE15B /* es */,
			);
			name = Localizable.strings;
			sourceTree = "<group>";
		};
/* End PBXVariantGroup section */

/* Begin XCBuildConfiguration section */
		38DEBDED25D5B0E800F7B811 /* Debug */ = {
			isa = XCBuildConfiguration;
			buildSettings = {
				ALWAYS_SEARCH_USER_PATHS = NO;
				CLANG_ANALYZER_LOCALIZABILITY_NONLOCALIZED = YES;
				CLANG_ANALYZER_NONNULL = YES;
				CLANG_ANALYZER_NUMBER_OBJECT_CONVERSION = YES_AGGRESSIVE;
				CLANG_CXX_LANGUAGE_STANDARD = "gnu++14";
				CLANG_CXX_LIBRARY = "libc++";
				CLANG_ENABLE_MODULES = YES;
				CLANG_ENABLE_OBJC_ARC = YES;
				CLANG_ENABLE_OBJC_WEAK = YES;
				CLANG_WARN_BLOCK_CAPTURE_AUTORELEASING = YES;
				CLANG_WARN_BOOL_CONVERSION = YES;
				CLANG_WARN_COMMA = YES;
				CLANG_WARN_CONSTANT_CONVERSION = YES;
				CLANG_WARN_DEPRECATED_OBJC_IMPLEMENTATIONS = YES;
				CLANG_WARN_DIRECT_OBJC_ISA_USAGE = YES_ERROR;
				CLANG_WARN_DOCUMENTATION_COMMENTS = YES;
				CLANG_WARN_EMPTY_BODY = YES;
				CLANG_WARN_ENUM_CONVERSION = YES;
				CLANG_WARN_INFINITE_RECURSION = YES;
				CLANG_WARN_INT_CONVERSION = YES;
				CLANG_WARN_NON_LITERAL_NULL_CONVERSION = YES;
				CLANG_WARN_OBJC_IMPLICIT_RETAIN_SELF = YES;
				CLANG_WARN_OBJC_LITERAL_CONVERSION = YES;
				CLANG_WARN_OBJC_ROOT_CLASS = YES_ERROR;
				CLANG_WARN_QUOTED_INCLUDE_IN_FRAMEWORK_HEADER = YES;
				CLANG_WARN_RANGE_LOOP_ANALYSIS = YES;
				CLANG_WARN_STRICT_PROTOTYPES = YES;
				CLANG_WARN_SUSPICIOUS_MOVE = YES;
				CLANG_WARN_UNGUARDED_AVAILABILITY = YES_AGGRESSIVE;
				CLANG_WARN_UNREACHABLE_CODE = YES;
				CLANG_WARN__DUPLICATE_METHOD_MATCH = YES;
				COPY_PHASE_STRIP = NO;
				DEBUG_INFORMATION_FORMAT = dwarf;
				ENABLE_STRICT_OBJC_MSGSEND = YES;
				ENABLE_TESTABILITY = YES;
				GCC_C_LANGUAGE_STANDARD = gnu11;
				GCC_DYNAMIC_NO_PIC = NO;
				GCC_NO_COMMON_BLOCKS = YES;
				GCC_OPTIMIZATION_LEVEL = 0;
				GCC_PREPROCESSOR_DEFINITIONS = (
					"DEBUG=1",
					"$(inherited)",
				);
				GCC_WARN_64_TO_32_BIT_CONVERSION = YES;
				GCC_WARN_ABOUT_RETURN_TYPE = YES_ERROR;
				GCC_WARN_UNDECLARED_SELECTOR = YES;
				GCC_WARN_UNINITIALIZED_AUTOS = YES_AGGRESSIVE;
				GCC_WARN_UNUSED_FUNCTION = YES;
				GCC_WARN_UNUSED_VARIABLE = YES;
				IPHONEOS_DEPLOYMENT_TARGET = 14.1;
				MTL_ENABLE_DEBUG_INFO = INCLUDE_SOURCE;
				MTL_FAST_MATH = YES;
				ONLY_ACTIVE_ARCH = YES;
				SDKROOT = iphoneos;
				SWIFT_ACTIVE_COMPILATION_CONDITIONS = DEBUG;
				SWIFT_OPTIMIZATION_LEVEL = "-Onone";
			};
			name = Debug;
		};
		38DEBDEE25D5B0E800F7B811 /* Release */ = {
			isa = XCBuildConfiguration;
			buildSettings = {
				ALWAYS_SEARCH_USER_PATHS = NO;
				CLANG_ANALYZER_LOCALIZABILITY_NONLOCALIZED = YES;
				CLANG_ANALYZER_NONNULL = YES;
				CLANG_ANALYZER_NUMBER_OBJECT_CONVERSION = YES_AGGRESSIVE;
				CLANG_CXX_LANGUAGE_STANDARD = "gnu++14";
				CLANG_CXX_LIBRARY = "libc++";
				CLANG_ENABLE_MODULES = YES;
				CLANG_ENABLE_OBJC_ARC = YES;
				CLANG_ENABLE_OBJC_WEAK = YES;
				CLANG_WARN_BLOCK_CAPTURE_AUTORELEASING = YES;
				CLANG_WARN_BOOL_CONVERSION = YES;
				CLANG_WARN_COMMA = YES;
				CLANG_WARN_CONSTANT_CONVERSION = YES;
				CLANG_WARN_DEPRECATED_OBJC_IMPLEMENTATIONS = YES;
				CLANG_WARN_DIRECT_OBJC_ISA_USAGE = YES_ERROR;
				CLANG_WARN_DOCUMENTATION_COMMENTS = YES;
				CLANG_WARN_EMPTY_BODY = YES;
				CLANG_WARN_ENUM_CONVERSION = YES;
				CLANG_WARN_INFINITE_RECURSION = YES;
				CLANG_WARN_INT_CONVERSION = YES;
				CLANG_WARN_NON_LITERAL_NULL_CONVERSION = YES;
				CLANG_WARN_OBJC_IMPLICIT_RETAIN_SELF = YES;
				CLANG_WARN_OBJC_LITERAL_CONVERSION = YES;
				CLANG_WARN_OBJC_ROOT_CLASS = YES_ERROR;
				CLANG_WARN_QUOTED_INCLUDE_IN_FRAMEWORK_HEADER = YES;
				CLANG_WARN_RANGE_LOOP_ANALYSIS = YES;
				CLANG_WARN_STRICT_PROTOTYPES = YES;
				CLANG_WARN_SUSPICIOUS_MOVE = YES;
				CLANG_WARN_UNGUARDED_AVAILABILITY = YES_AGGRESSIVE;
				CLANG_WARN_UNREACHABLE_CODE = YES;
				CLANG_WARN__DUPLICATE_METHOD_MATCH = YES;
				COPY_PHASE_STRIP = NO;
				DEBUG_INFORMATION_FORMAT = "dwarf-with-dsym";
				ENABLE_NS_ASSERTIONS = NO;
				ENABLE_STRICT_OBJC_MSGSEND = YES;
				GCC_C_LANGUAGE_STANDARD = gnu11;
				GCC_NO_COMMON_BLOCKS = YES;
				GCC_WARN_64_TO_32_BIT_CONVERSION = YES;
				GCC_WARN_ABOUT_RETURN_TYPE = YES_ERROR;
				GCC_WARN_UNDECLARED_SELECTOR = YES;
				GCC_WARN_UNINITIALIZED_AUTOS = YES_AGGRESSIVE;
				GCC_WARN_UNUSED_FUNCTION = YES;
				GCC_WARN_UNUSED_VARIABLE = YES;
				IPHONEOS_DEPLOYMENT_TARGET = 14.1;
				MTL_ENABLE_DEBUG_INFO = NO;
				MTL_FAST_MATH = YES;
				SDKROOT = iphoneos;
				SWIFT_COMPILATION_MODE = wholemodule;
				SWIFT_OPTIMIZATION_LEVEL = "-O";
				VALIDATE_PRODUCT = YES;
			};
			name = Release;
		};
		38DEBDF025D5B0E800F7B811 /* Debug */ = {
			isa = XCBuildConfiguration;
			buildSettings = {
				ASSETCATALOG_COMPILER_APPICON_NAME = AppIcon;
				ASSETCATALOG_COMPILER_GLOBAL_ACCENT_COLOR_NAME = AccentColor;
				CODE_SIGN_STYLE = Automatic;
				DEVELOPMENT_TEAM = M9R5VTJGJ5;
				INFOPLIST_FILE = "Marvel Heroes/App/Info.plist";
				IPHONEOS_DEPLOYMENT_TARGET = 14.1;
				LD_RUNPATH_SEARCH_PATHS = (
					"$(inherited)",
					"@executable_path/Frameworks",
				);
				PRODUCT_BUNDLE_IDENTIFIER = "com.alvarogjacome.Marvel-Heroes";
				PRODUCT_NAME = "$(TARGET_NAME)";
				SWIFT_VERSION = 5.0;
				TARGETED_DEVICE_FAMILY = "1,2";
			};
			name = Debug;
		};
		38DEBDF125D5B0E800F7B811 /* Release */ = {
			isa = XCBuildConfiguration;
			buildSettings = {
				ASSETCATALOG_COMPILER_APPICON_NAME = AppIcon;
				ASSETCATALOG_COMPILER_GLOBAL_ACCENT_COLOR_NAME = AccentColor;
				CODE_SIGN_STYLE = Automatic;
				DEVELOPMENT_TEAM = M9R5VTJGJ5;
				INFOPLIST_FILE = "Marvel Heroes/App/Info.plist";
				IPHONEOS_DEPLOYMENT_TARGET = 14.1;
				LD_RUNPATH_SEARCH_PATHS = (
					"$(inherited)",
					"@executable_path/Frameworks",
				);
				PRODUCT_BUNDLE_IDENTIFIER = "com.alvarogjacome.Marvel-Heroes";
				PRODUCT_NAME = "$(TARGET_NAME)";
				SWIFT_VERSION = 5.0;
				TARGETED_DEVICE_FAMILY = "1,2";
			};
			name = Release;
		};
		38DEBDF325D5B0E800F7B811 /* Debug */ = {
			isa = XCBuildConfiguration;
			buildSettings = {
				ALWAYS_EMBED_SWIFT_STANDARD_LIBRARIES = YES;
				BUNDLE_LOADER = "$(TEST_HOST)";
				CODE_SIGN_STYLE = Automatic;
				DEVELOPMENT_TEAM = M9R5VTJGJ5;
				INFOPLIST_FILE = "Marvel HeroesTests/Info.plist";
				IPHONEOS_DEPLOYMENT_TARGET = 14.4;
				LD_RUNPATH_SEARCH_PATHS = (
					"$(inherited)",
					"@executable_path/Frameworks",
					"@loader_path/Frameworks",
				);
				PRODUCT_BUNDLE_IDENTIFIER = "com.alvarogjacome.Marvel-HeroesTests";
				PRODUCT_NAME = "$(TARGET_NAME)";
				SWIFT_VERSION = 5.0;
				TARGETED_DEVICE_FAMILY = "1,2";
				TEST_HOST = "$(BUILT_PRODUCTS_DIR)/Marvel Heroes.app/Marvel Heroes";
			};
			name = Debug;
		};
		38DEBDF425D5B0E800F7B811 /* Release */ = {
			isa = XCBuildConfiguration;
			buildSettings = {
				ALWAYS_EMBED_SWIFT_STANDARD_LIBRARIES = YES;
				BUNDLE_LOADER = "$(TEST_HOST)";
				CODE_SIGN_STYLE = Automatic;
				DEVELOPMENT_TEAM = M9R5VTJGJ5;
				INFOPLIST_FILE = "Marvel HeroesTests/Info.plist";
				IPHONEOS_DEPLOYMENT_TARGET = 14.4;
				LD_RUNPATH_SEARCH_PATHS = (
					"$(inherited)",
					"@executable_path/Frameworks",
					"@loader_path/Frameworks",
				);
				PRODUCT_BUNDLE_IDENTIFIER = "com.alvarogjacome.Marvel-HeroesTests";
				PRODUCT_NAME = "$(TARGET_NAME)";
				SWIFT_VERSION = 5.0;
				TARGETED_DEVICE_FAMILY = "1,2";
				TEST_HOST = "$(BUILT_PRODUCTS_DIR)/Marvel Heroes.app/Marvel Heroes";
			};
			name = Release;
		};
/* End XCBuildConfiguration section */

/* Begin XCConfigurationList section */
		38DEBDC025D5B0E700F7B811 /* Build configuration list for PBXProject "Marvel Heroes" */ = {
			isa = XCConfigurationList;
			buildConfigurations = (
				38DEBDED25D5B0E800F7B811 /* Debug */,
				38DEBDEE25D5B0E800F7B811 /* Release */,
			);
			defaultConfigurationIsVisible = 0;
			defaultConfigurationName = Release;
		};
		38DEBDEF25D5B0E800F7B811 /* Build configuration list for PBXNativeTarget "Marvel Heroes" */ = {
			isa = XCConfigurationList;
			buildConfigurations = (
				38DEBDF025D5B0E800F7B811 /* Debug */,
				38DEBDF125D5B0E800F7B811 /* Release */,
			);
			defaultConfigurationIsVisible = 0;
			defaultConfigurationName = Release;
		};
		38DEBDF225D5B0E800F7B811 /* Build configuration list for PBXNativeTarget "Marvel HeroesTests" */ = {
			isa = XCConfigurationList;
			buildConfigurations = (
				38DEBDF325D5B0E800F7B811 /* Debug */,
				38DEBDF425D5B0E800F7B811 /* Release */,
			);
			defaultConfigurationIsVisible = 0;
			defaultConfigurationName = Release;
		};
/* End XCConfigurationList section */

/* Begin XCRemoteSwiftPackageReference section */
		38AED53C25D712EB0011C24A /* XCRemoteSwiftPackageReference "SDWebImage" */ = {
			isa = XCRemoteSwiftPackageReference;
			repositoryURL = "https://github.com/SDWebImage/SDWebImage.git";
			requirement = {
				kind = upToNextMajorVersion;
				minimumVersion = 5.10.4;
			};
		};
/* End XCRemoteSwiftPackageReference section */

/* Begin XCSwiftPackageProductDependency section */
		38AED53D25D712EB0011C24A /* SDWebImage */ = {
			isa = XCSwiftPackageProductDependency;
			package = 38AED53C25D712EB0011C24A /* XCRemoteSwiftPackageReference "SDWebImage" */;
			productName = SDWebImage;
		};
/* End XCSwiftPackageProductDependency section */
	};
	rootObject = 38DEBDBD25D5B0E700F7B811 /* Project object */;
}
